
Microsoft Visual Studio Solution File, Format Version 12.00
# Visual Studio Version 17
VisualStudioVersion = 17.8.34330.188
MinimumVisualStudioVersion = 10.0.40219.1
Project("{FAE04EC0-301F-11D3-BF4B-00C04F79EFBC}") = "MVCWithEFCF3", "MVCWithEFCF3\MVCWithEFCF3.csproj", "{F5474348-B3ED-4B84-8690-9A9444D49D06}"
EndProject
Global
	GlobalSection(SolutionConfigurationPlatforms) = preSolution
		Debug|Any CPU = Debug|Any CPU
		Release|Any CPU = Release|Any CPU
	EndGlobalSection
	GlobalSection(ProjectConfigurationPlatforms) = postSolution
		{F5474348-B3ED-4B84-8690-9A9444D49D06}.Debug|Any CPU.ActiveCfg = Debug|Any CPU
		{F5474348-B3ED-4B84-8690-9A9444D49D06}.Debug|Any CPU.Build.0 = Debug|Any CPU
		{F5474348-B3ED-4B84-8690-9A9444D49D06}.Release|Any CPU.ActiveCfg = Release|Any CPU
		{F5474348-B3ED-4B84-8690-9A9444D49D06}.Release|Any CPU.Build.0 = Release|Any CPU
	EndGlobalSection
	GlobalSection(SolutionProperties) = preSolution
		HideSolutionNode = FALSE
	EndGlobalSection
	GlobalSection(ExtensibilityGlobals) = postSolution
		SolutionGuid = {0BAA20C4-E270-45A1-8165-D59304B9EFAE}
	EndGlobalSection
EndGlobal
